dependencies:
- name: nats
  repository: https://nats-io.github.io/k8s/helm/charts/
  version: 2.12.4
- name: surrealdb
  repository: https://helm.surrealdb.com
  version: 0.4.0
- name: influxdb2
  repository: https://helm.influxdata.com/
  version: 2.1.2
- name: kube-prometheus-stack
  repository: https://prometheus-community.github.io/helm-charts
  version: 82.5.0
- name: loki
  repository: https://grafana.github.io/helm-charts
  version: 6.53.0
- name: promtail
  repository: https://grafana.github.io/helm-charts
  version: 6.17.1
digest: sha256:6a5c4dd294c261061d0663fe4b312a666e223df6756b3d688d839765020a8913
generated: "2026-03-03T09:53:13.376329914-05:00"
